{
  "name": "roomReservation",
  "lockfileVersion": 2,
  "requires": true,
  "packages": {
    "": {
      "dependencies": {
        "check-password-strength": "^2.0.7",
        "react-email-validator": "^1.0.2"
      }
    },
    "node_modules/check-password-strength": {
      "version": "2.0.7",
      "resolved": "https://registry.npmjs.org/check-password-strength/-/check-password-strength-2.0.7.tgz",
      "integrity": "sha512-VyklBkB6dOKnCIh63zdVr7QKVMN9/npwUqNAXxWrz8HabVZH/n/d+lyNm1O/vbXFJlT/Hytb5ouYKYGkoeZirQ=="
    },
    "node_modules/react-email-validator": {
      "version": "1.0.2",
      "resolved": "https://registry.npmjs.org/react-email-validator/-/react-email-validator-1.0.2.tgz",
      "integrity": "sha512-ibFollRgI3LbyNyQTlig2JHiNz8Yrk+CT73MbhROdcGU8qvjXc3OXYsvkMOgqxtLEXPS/e8YWSFSS+xpUx0LCg=="
    }
  },
  "dependencies": {
    "check-password-strength": {
      "version": "2.0.7",
      "resolved": "https://registry.npmjs.org/check-password-strength/-/check-password-strength-2.0.7.tgz",
      "integrity": "sha512-VyklBkB6dOKnCIh63zdVr7QKVMN9/npwUqNAXxWrz8HabVZH/n/d+lyNm1O/vbXFJlT/Hytb5ouYKYGkoeZirQ=="
    },
    "react-email-validator": {
      "version": "1.0.2",
      "resolved": "https://registry.npmjs.org/react-email-validator/-/react-email-validator-1.0.2.tgz",
      "integrity": "sha512-ibFollRgI3LbyNyQTlig2JHiNz8Yrk+CT73MbhROdcGU8qvjXc3OXYsvkMOgqxtLEXPS/e8YWSFSS+xpUx0LCg=="
    }
  }
}
